
Microsoft Visual Studio Solution File, Format Version 12.00
# Visual Studio Version 17
VisualStudioVersion = 17.14.36127.28
MinimumVisualStudioVersion = 10.0.40219.1
Project("{FAE04EC0-301F-11D3-BF4B-00C04F79EFBC}") = "ZeroGalleryApp", "ZeroGalleryApp\ZeroGalleryApp.csproj", "{405FBB2A-5A6F-4C4F-A45A-2F3C6544481B}"
EndProject
Project("{2150E333-8FDC-42A3-9474-1A3956D46DE8}") = "Tests", "Tests", "{02EA681E-C7D8-13C7-8484-4AC65E1B71E8}"
EndProject
Project("{FAE04EC0-301F-11D3-BF4B-00C04F79EFBC}") = "ZeroGallery.Shared", "ZeroGallery.Shared\ZeroGallery.Shared.csproj", "{873BFD01-515D-3345-3DF1-68D3CADF2A92}"
EndProject
Project("{FAE04EC0-301F-11D3-BF4B-00C04F79EFBC}") = "ZeroGallery.Shared.Tests", "Tests\ZeroGallery.Shared.Tests\ZeroGallery.Shared.Tests.csproj", "{FF91AD0E-679E-4E24-B5D7-C2583FA971B0}"
EndProject
Project("{2150E333-8FDC-42A3-9474-1A3956D46DE8}") = "Migrations", "Migrations", "{CC3BB6B8-C883-4320-86DE-59516C4ACF3A}"
	ProjectSection(SolutionItems) = preProject
		v0.0-v1.0.txt = v0.0-v1.0.txt
	EndProjectSection
EndProject
Project("{FAE04EC0-301F-11D3-BF4B-00C04F79EFBC}") = "VideoStreamingTestApp", "Tests\VideoStreamingTestApp\VideoStreamingTestApp.csproj", "{C4715B2F-9547-4A2C-A597-B8F5CCBB1285}"
EndProject
Global
	GlobalSection(SolutionConfigurationPlatforms) = preSolution
		Debug|Any CPU = Debug|Any CPU
		Release|Any CPU = Release|Any CPU
	EndGlobalSection
	GlobalSection(ProjectConfigurationPlatforms) = postSolution
		{405FBB2A-5A6F-4C4F-A45A-2F3C6544481B}.Debug|Any CPU.ActiveCfg = Debug|Any CPU
		{405FBB2A-5A6F-4C4F-A45A-2F3C6544481B}.Debug|Any CPU.Build.0 = Debug|Any CPU
		{405FBB2A-5A6F-4C4F-A45A-2F3C6544481B}.Release|Any CPU.ActiveCfg = Release|Any CPU
		{405FBB2A-5A6F-4C4F-A45A-2F3C6544481B}.Release|Any CPU.Build.0 = Release|Any CPU
		{873BFD01-515D-3345-3DF1-68D3CADF2A92}.Debug|Any CPU.ActiveCfg = Debug|Any CPU
		{873BFD01-515D-3345-3DF1-68D3CADF2A92}.Debug|Any CPU.Build.0 = Debug|Any CPU
		{873BFD01-515D-3345-3DF1-68D3CADF2A92}.Release|Any CPU.ActiveCfg = Release|Any CPU
		{873BFD01-515D-3345-3DF1-68D3CADF2A92}.Release|Any CPU.Build.0 = Release|Any CPU
		{FF91AD0E-679E-4E24-B5D7-C2583FA971B0}.Debug|Any CPU.ActiveCfg = Debug|Any CPU
		{FF91AD0E-679E-4E24-B5D7-C2583FA971B0}.Debug|Any CPU.Build.0 = Debug|Any CPU
		{FF91AD0E-679E-4E24-B5D7-C2583FA971B0}.Release|Any CPU.ActiveCfg = Release|Any CPU
		{FF91AD0E-679E-4E24-B5D7-C2583FA971B0}.Release|Any CPU.Build.0 = Release|Any CPU
		{C4715B2F-9547-4A2C-A597-B8F5CCBB1285}.Debug|Any CPU.ActiveCfg = Debug|Any CPU
		{C4715B2F-9547-4A2C-A597-B8F5CCBB1285}.Debug|Any CPU.Build.0 = Debug|Any CPU
		{C4715B2F-9547-4A2C-A597-B8F5CCBB1285}.Release|Any CPU.ActiveCfg = Release|Any CPU
		{C4715B2F-9547-4A2C-A597-B8F5CCBB1285}.Release|Any CPU.Build.0 = Release|Any CPU
	EndGlobalSection
	GlobalSection(SolutionProperties) = preSolution
		HideSolutionNode = FALSE
	EndGlobalSection
	GlobalSection(NestedProjects) = preSolution
		{FF91AD0E-679E-4E24-B5D7-C2583FA971B0} = {02EA681E-C7D8-13C7-8484-4AC65E1B71E8}
		{C4715B2F-9547-4A2C-A597-B8F5CCBB1285} = {02EA681E-C7D8-13C7-8484-4AC65E1B71E8}
	EndGlobalSection
	GlobalSection(ExtensibilityGlobals) = postSolution
		SolutionGuid = {F6412BC4-81B2-464A-9D1E-63ED27B0677F}
	EndGlobalSection
EndGlobal
